
Microsoft Visual Studio Solution File, Format Version 12.00
# Visual Studio Version 17
VisualStudioVersion = 17.0.32014.148
MinimumVisualStudioVersion = 10.0.40219.1
Project("{FAE04EC0-301F-11D3-BF4B-00C04F79EFBC}") = "BancoSistema", "ContaBancaria\BancoSistema.csproj", "{FD8309DB-3927-4EB7-B6F8-74659B913371}"
EndProject
Global
	GlobalSection(SolutionConfigurationPlatforms) = preSolution
		Debug|Any CPU = Debug|Any CPU
		Release|Any CPU = Release|Any CPU
	EndGlobalSection
	GlobalSection(ProjectConfigurationPlatforms) = postSolution
		{FD8309DB-3927-4EB7-B6F8-74659B913371}.Debug|Any CPU.ActiveCfg = Debug|Any CPU
		{FD8309DB-3927-4EB7-B6F8-74659B913371}.Debug|Any CPU.Build.0 = Debug|Any CPU
		{FD8309DB-3927-4EB7-B6F8-74659B913371}.Release|Any CPU.ActiveCfg = Release|Any CPU
		{FD8309DB-3927-4EB7-B6F8-74659B913371}.Release|Any CPU.Build.0 = Release|Any CPU
	EndGlobalSection
	GlobalSection(SolutionProperties) = preSolution
		HideSolutionNode = FALSE
	EndGlobalSection
	GlobalSection(ExtensibilityGlobals) = postSolution
		SolutionGuid = {259CC2E9-F543-47B0-A90E-BB0EF9F6B2E6}
	EndGlobalSection
EndGlobal
